
Microsoft Visual Studio Solution File, Format Version 12.00
# Visual Studio Version 17
VisualStudioVersion = 17.9.34728.123
MinimumVisualStudioVersion = 10.0.40219.1
Project("{FAE04EC0-301F-11D3-BF4B-00C04F79EFBC}") = "WindowLocker", "WindowLocker\WindowLocker.csproj", "{CA4215A6-337F-4D1E-9450-85AF3914EEC9}"
EndProject
Global
	GlobalSection(SolutionConfigurationPlatforms) = preSolution
		Debug|Any CPU = Debug|Any CPU
		Release|Any CPU = Release|Any CPU
	EndGlobalSection
	GlobalSection(ProjectConfigurationPlatforms) = postSolution
		{CA4215A6-337F-4D1E-9450-85AF3914EEC9}.Debug|Any CPU.ActiveCfg = Debug|Any CPU
		{CA4215A6-337F-4D1E-9450-85AF3914EEC9}.Debug|Any CPU.Build.0 = Debug|Any CPU
		{CA4215A6-337F-4D1E-9450-85AF3914EEC9}.Release|Any CPU.ActiveCfg = Release|Any CPU
		{CA4215A6-337F-4D1E-9450-85AF3914EEC9}.Release|Any CPU.Build.0 = Release|Any CPU
	EndGlobalSection
	GlobalSection(SolutionProperties) = preSolution
		HideSolutionNode = FALSE
	EndGlobalSection
	GlobalSection(ExtensibilityGlobals) = postSolution
		SolutionGuid = {4684412A-494F-428C-A727-706ADD10865C}
	EndGlobalSection
EndGlobal
